
Microsoft Visual Studio Solution File, Format Version 12.00
Project("{2150E333-8FDC-42A3-9474-1A3956D46DE8}") = "Lesson_1", "Lesson_1", "{1E932234-8F5D-416F-911E-C9BE1EF42AC8}"
EndProject
Project("{FAE04EC0-301F-11D3-BF4B-00C04F79EFBC}") = "Git", "Lesson_1\Git\Git.csproj", "{5C299D9D-BD4F-43EC-A2B4-661FA5257F6D}"
EndProject
Project("{2150E333-8FDC-42A3-9474-1A3956D46DE8}") = "Lesson_2", "Lesson_2", "{3F6EAE9C-C9C4-46C4-894E-D7A797AC0036}"
EndProject
Project("{FAE04EC0-301F-11D3-BF4B-00C04F79EFBC}") = "StringsAndChars", "Lesson_2\StringsAndChars\StringsAndChars.csproj", "{DDDABDDF-6D42-46C2-86FF-69EADA62A4D3}"
EndProject
Project("{FAE04EC0-301F-11D3-BF4B-00C04F79EFBC}") = "Numeric", "Lesson_2\Numeric\Numeric.csproj", "{B66515BD-BD05-45EB-A4D9-A30E8F86EF39}"
EndProject
Project("{FAE04EC0-301F-11D3-BF4B-00C04F79EFBC}") = "FloatAndDouble", "Lesson_2\FloatAndDouble\FloatAndDouble.csproj", "{003B4F60-4686-4290-9003-F0941157DCB4}"
EndProject
Project("{FAE04EC0-301F-11D3-BF4B-00C04F79EFBC}") = "Boolean", "Lesson_2\Boolean\Boolean.csproj", "{5DD663D0-6AA2-43E1-916D-56D64131CDA6}"
EndProject
Project("{FAE04EC0-301F-11D3-BF4B-00C04F79EFBC}") = "DateTime", "Lesson_2\DateTime\DateTime.csproj", "{367F4FD0-1D6D-4C8F-A490-657B9E508A3E}"
EndProject
Project("{FAE04EC0-301F-11D3-BF4B-00C04F79EFBC}") = "CastingAndParsing", "Lesson_2\CastingAndParsing\CastingAndParsing.csproj", "{D5B193D6-13B4-4A68-9BFC-222906E6C673}"
EndProject
Global
	GlobalSection(SolutionConfigurationPlatforms) = preSolution
		Debug|Any CPU = Debug|Any CPU
		Release|Any CPU = Release|Any CPU
	EndGlobalSection
	GlobalSection(NestedProjects) = preSolution
		{5C299D9D-BD4F-43EC-A2B4-661FA5257F6D} = {1E932234-8F5D-416F-911E-C9BE1EF42AC8}
		{DDDABDDF-6D42-46C2-86FF-69EADA62A4D3} = {3F6EAE9C-C9C4-46C4-894E-D7A797AC0036}
		{B66515BD-BD05-45EB-A4D9-A30E8F86EF39} = {3F6EAE9C-C9C4-46C4-894E-D7A797AC0036}
		{003B4F60-4686-4290-9003-F0941157DCB4} = {3F6EAE9C-C9C4-46C4-894E-D7A797AC0036}
		{5DD663D0-6AA2-43E1-916D-56D64131CDA6} = {3F6EAE9C-C9C4-46C4-894E-D7A797AC0036}
		{367F4FD0-1D6D-4C8F-A490-657B9E508A3E} = {3F6EAE9C-C9C4-46C4-894E-D7A797AC0036}
		{D5B193D6-13B4-4A68-9BFC-222906E6C673} = {3F6EAE9C-C9C4-46C4-894E-D7A797AC0036}
	EndGlobalSection
	GlobalSection(ProjectConfigurationPlatforms) = postSolution
		{5C299D9D-BD4F-43EC-A2B4-661FA5257F6D}.Debug|Any CPU.ActiveCfg = Debug|Any CPU
		{5C299D9D-BD4F-43EC-A2B4-661FA5257F6D}.Debug|Any CPU.Build.0 = Debug|Any CPU
		{5C299D9D-BD4F-43EC-A2B4-661FA5257F6D}.Release|Any CPU.ActiveCfg = Release|Any CPU
		{5C299D9D-BD4F-43EC-A2B4-661FA5257F6D}.Release|Any CPU.Build.0 = Release|Any CPU
		{DDDABDDF-6D42-46C2-86FF-69EADA62A4D3}.Debug|Any CPU.ActiveCfg = Debug|Any CPU
		{DDDABDDF-6D42-46C2-86FF-69EADA62A4D3}.Debug|Any CPU.Build.0 = Debug|Any CPU
		{DDDABDDF-6D42-46C2-86FF-69EADA62A4D3}.Release|Any CPU.ActiveCfg = Release|Any CPU
		{DDDABDDF-6D42-46C2-86FF-69EADA62A4D3}.Release|Any CPU.Build.0 = Release|Any CPU
		{B66515BD-BD05-45EB-A4D9-A30E8F86EF39}.Debug|Any CPU.ActiveCfg = Debug|Any CPU
		{B66515BD-BD05-45EB-A4D9-A30E8F86EF39}.Debug|Any CPU.Build.0 = Debug|Any CPU
		{B66515BD-BD05-45EB-A4D9-A30E8F86EF39}.Release|Any CPU.ActiveCfg = Release|Any CPU
		{B66515BD-BD05-45EB-A4D9-A30E8F86EF39}.Release|Any CPU.Build.0 = Release|Any CPU
		{003B4F60-4686-4290-9003-F0941157DCB4}.Debug|Any CPU.ActiveCfg = Debug|Any CPU
		{003B4F60-4686-4290-9003-F0941157DCB4}.Debug|Any CPU.Build.0 = Debug|Any CPU
		{003B4F60-4686-4290-9003-F0941157DCB4}.Release|Any CPU.ActiveCfg = Release|Any CPU
		{003B4F60-4686-4290-9003-F0941157DCB4}.Release|Any CPU.Build.0 = Release|Any CPU
		{5DD663D0-6AA2-43E1-916D-56D64131CDA6}.Debug|Any CPU.ActiveCfg = Debug|Any CPU
		{5DD663D0-6AA2-43E1-916D-56D64131CDA6}.Debug|Any CPU.Build.0 = Debug|Any CPU
		{5DD663D0-6AA2-43E1-916D-56D64131CDA6}.Release|Any CPU.ActiveCfg = Release|Any CPU
		{5DD663D0-6AA2-43E1-916D-56D64131CDA6}.Release|Any CPU.Build.0 = Release|Any CPU
		{367F4FD0-1D6D-4C8F-A490-657B9E508A3E}.Debug|Any CPU.ActiveCfg = Debug|Any CPU
		{367F4FD0-1D6D-4C8F-A490-657B9E508A3E}.Debug|Any CPU.Build.0 = Debug|Any CPU
		{367F4FD0-1D6D-4C8F-A490-657B9E508A3E}.Release|Any CPU.ActiveCfg = Release|Any CPU
		{367F4FD0-1D6D-4C8F-A490-657B9E508A3E}.Release|Any CPU.Build.0 = Release|Any CPU
		{D5B193D6-13B4-4A68-9BFC-222906E6C673}.Debug|Any CPU.ActiveCfg = Debug|Any CPU
		{D5B193D6-13B4-4A68-9BFC-222906E6C673}.Debug|Any CPU.Build.0 = Debug|Any CPU
		{D5B193D6-13B4-4A68-9BFC-222906E6C673}.Release|Any CPU.ActiveCfg = Release|Any CPU
		{D5B193D6-13B4-4A68-9BFC-222906E6C673}.Release|Any CPU.Build.0 = Release|Any CPU
	EndGlobalSection
EndGlobal
