
Microsoft Visual Studio Solution File, Format Version 12.00
Project("{2150E333-8FDC-42A3-9474-1A3956D46DE8}") = "Lesson_1", "Lesson_1", "{1E932234-8F5D-416F-911E-C9BE1EF42AC8}"
EndProject
Project("{FAE04EC0-301F-11D3-BF4B-00C04F79EFBC}") = "Git", "Lesson_1\Git\Git.csproj", "{5C299D9D-BD4F-43EC-A2B4-661FA5257F6D}"
EndProject
Project("{2150E333-8FDC-42A3-9474-1A3956D46DE8}") = "Lesson_2", "Lesson_2", "{3F6EAE9C-C9C4-46C4-894E-D7A797AC0036}"
EndProject
Project("{FAE04EC0-301F-11D3-BF4B-00C04F79EFBC}") = "StringsAndChars", "Lesson_2\StringsAndChars\StringsAndChars.csproj", "{DDDABDDF-6D42-46C2-86FF-69EADA62A4D3}"
EndProject
Project("{FAE04EC0-301F-11D3-BF4B-00C04F79EFBC}") = "Numeric", "Lesson_2\Numeric\Numeric.csproj", "{B66515BD-BD05-45EB-A4D9-A30E8F86EF39}"
EndProject
Project("{FAE04EC0-301F-11D3-BF4B-00C04F79EFBC}") = "FloatAndDouble", "Lesson_2\FloatAndDouble\FloatAndDouble.csproj", "{003B4F60-4686-4290-9003-F0941157DCB4}"
EndProject
Project("{FAE04EC0-301F-11D3-BF4B-00C04F79EFBC}") = "Boolean", "Lesson_2\Boolean\Boolean.csproj", "{5DD663D0-6AA2-43E1-916D-56D64131CDA6}"
EndProject
Project("{FAE04EC0-301F-11D3-BF4B-00C04F79EFBC}") = "DateTime", "Lesson_2\DateTime\DateTime.csproj", "{367F4FD0-1D6D-4C8F-A490-657B9E508A3E}"
EndProject
Project("{FAE04EC0-301F-11D3-BF4B-00C04F79EFBC}") = "CastingAndParsing", "Lesson_2\CastingAndParsing\CastingAndParsing.csproj", "{D5B193D6-13B4-4A68-9BFC-222906E6C673}"
EndProject
Project("{2150E333-8FDC-42A3-9474-1A3956D46DE8}") = "Lesson_3", "Lesson_3", "{EDD10389-AE02-405F-B3C0-BCBABA502CE2}"
EndProject
Project("{FAE04EC0-301F-11D3-BF4B-00C04F79EFBC}") = "ControlFlow", "Lesson_3\ControlFlow\ControlFlow.csproj", "{AC04372D-C2EA-4212-8141-0DE18B9DA4C9}"
EndProject
Project("{FAE04EC0-301F-11D3-BF4B-00C04F79EFBC}") = "Collections", "Lesson_3\Collections\Collections.csproj", "{802CB6BA-9C7E-47D6-AB27-014EC2D88B6A}"
EndProject
Project("{FAE04EC0-301F-11D3-BF4B-00C04F79EFBC}") = "Loops", "Lesson_3\Loops\Loops.csproj", "{7C0242A9-A198-4CFB-BC02-B0EC343AB55E}"
EndProject
Project("{2150E333-8FDC-42A3-9474-1A3956D46DE8}") = "Lesson_4", "Lesson_4", "{B30597AE-A455-49EA-8A2B-0B539204E0A1}"
EndProject
Project("{FAE04EC0-301F-11D3-BF4B-00C04F79EFBC}") = "Methods", "Lesson_4\Methods\Methods.csproj", "{E5BD170E-B0E0-44F6-A339-04509EB1B0B3}"
EndProject
Project("{FAE04EC0-301F-11D3-BF4B-00C04F79EFBC}") = "OopIntro", "Lesson_4\OopIntro\OopIntro.csproj", "{A743A141-34AB-46C2-9AAF-B72EA221F973}"
EndProject
Project("{FAE04EC0-301F-11D3-BF4B-00C04F79EFBC}") = "DebuggingAndExceptions", "Lesson_4\DebuggingAndExceptions\DebuggingAndExceptions.csproj", "{02613776-B19E-4513-914F-988329C9ECD0}"
EndProject
Project("{2150E333-8FDC-42A3-9474-1A3956D46DE8}") = "Lesson_5", "Lesson_5", "{B6F6E2BA-D6EA-4F0D-8879-9EC9D7480C2C}"
EndProject
Project("{2150E333-8FDC-42A3-9474-1A3956D46DE8}") = "Lesson_6", "Lesson_6", "{76C9F281-E476-448E-953E-080C48924E4C}"
EndProject
Project("{2150E333-8FDC-42A3-9474-1A3956D46DE8}") = "Lesson_7", "Lesson_7", "{E0AADD19-1D05-4146-B900-E9C8C9D6A261}"
EndProject
Project("{FAE04EC0-301F-11D3-BF4B-00C04F79EFBC}") = "ObjectsAndOOP", "Lesson_7\ObjectsAndOOP\ObjectsAndOOP.csproj", "{D90A6CDD-211D-4F0D-B093-2147A91E13C4}"
EndProject
Project("{2150E333-8FDC-42A3-9474-1A3956D46DE8}") = "Lesson_8", "Lesson_8", "{1D3EAA0A-6FE3-44A5-B2C0-F4084BEB1412}"
EndProject
Project("{FAE04EC0-301F-11D3-BF4B-00C04F79EFBC}") = "LINQ", "Lesson_8\LINQ\LINQ.csproj", "{419CB2D8-2559-429E-B1FC-FFC46ED0E836}"
EndProject
Project("{FAE04EC0-301F-11D3-BF4B-00C04F79EFBC}") = "DefaultCodeStyle", "Lesson_8\DefaultCodeStyle\DefaultCodeStyle.csproj", "{52AE6E3A-F9BB-44C1-B161-1E7EDE0EC439}"
EndProject
Global
	GlobalSection(SolutionConfigurationPlatforms) = preSolution
		Debug|Any CPU = Debug|Any CPU
		Release|Any CPU = Release|Any CPU
	EndGlobalSection
	GlobalSection(NestedProjects) = preSolution
		{5C299D9D-BD4F-43EC-A2B4-661FA5257F6D} = {1E932234-8F5D-416F-911E-C9BE1EF42AC8}
		{DDDABDDF-6D42-46C2-86FF-69EADA62A4D3} = {3F6EAE9C-C9C4-46C4-894E-D7A797AC0036}
		{B66515BD-BD05-45EB-A4D9-A30E8F86EF39} = {3F6EAE9C-C9C4-46C4-894E-D7A797AC0036}
		{003B4F60-4686-4290-9003-F0941157DCB4} = {3F6EAE9C-C9C4-46C4-894E-D7A797AC0036}
		{5DD663D0-6AA2-43E1-916D-56D64131CDA6} = {3F6EAE9C-C9C4-46C4-894E-D7A797AC0036}
		{367F4FD0-1D6D-4C8F-A490-657B9E508A3E} = {3F6EAE9C-C9C4-46C4-894E-D7A797AC0036}
		{D5B193D6-13B4-4A68-9BFC-222906E6C673} = {3F6EAE9C-C9C4-46C4-894E-D7A797AC0036}
		{AC04372D-C2EA-4212-8141-0DE18B9DA4C9} = {EDD10389-AE02-405F-B3C0-BCBABA502CE2}
		{802CB6BA-9C7E-47D6-AB27-014EC2D88B6A} = {EDD10389-AE02-405F-B3C0-BCBABA502CE2}
		{7C0242A9-A198-4CFB-BC02-B0EC343AB55E} = {EDD10389-AE02-405F-B3C0-BCBABA502CE2}
		{E5BD170E-B0E0-44F6-A339-04509EB1B0B3} = {B30597AE-A455-49EA-8A2B-0B539204E0A1}
		{A743A141-34AB-46C2-9AAF-B72EA221F973} = {B30597AE-A455-49EA-8A2B-0B539204E0A1}
		{02613776-B19E-4513-914F-988329C9ECD0} = {B30597AE-A455-49EA-8A2B-0B539204E0A1}
		{D90A6CDD-211D-4F0D-B093-2147A91E13C4} = {E0AADD19-1D05-4146-B900-E9C8C9D6A261}
		{419CB2D8-2559-429E-B1FC-FFC46ED0E836} = {1D3EAA0A-6FE3-44A5-B2C0-F4084BEB1412}
		{52AE6E3A-F9BB-44C1-B161-1E7EDE0EC439} = {1D3EAA0A-6FE3-44A5-B2C0-F4084BEB1412}
	EndGlobalSection
	GlobalSection(ProjectConfigurationPlatforms) = postSolution
		{5C299D9D-BD4F-43EC-A2B4-661FA5257F6D}.Debug|Any CPU.ActiveCfg = Debug|Any CPU
		{5C299D9D-BD4F-43EC-A2B4-661FA5257F6D}.Debug|Any CPU.Build.0 = Debug|Any CPU
		{5C299D9D-BD4F-43EC-A2B4-661FA5257F6D}.Release|Any CPU.ActiveCfg = Release|Any CPU
		{5C299D9D-BD4F-43EC-A2B4-661FA5257F6D}.Release|Any CPU.Build.0 = Release|Any CPU
		{DDDABDDF-6D42-46C2-86FF-69EADA62A4D3}.Debug|Any CPU.ActiveCfg = Debug|Any CPU
		{DDDABDDF-6D42-46C2-86FF-69EADA62A4D3}.Debug|Any CPU.Build.0 = Debug|Any CPU
		{DDDABDDF-6D42-46C2-86FF-69EADA62A4D3}.Release|Any CPU.ActiveCfg = Release|Any CPU
		{DDDABDDF-6D42-46C2-86FF-69EADA62A4D3}.Release|Any CPU.Build.0 = Release|Any CPU
		{B66515BD-BD05-45EB-A4D9-A30E8F86EF39}.Debug|Any CPU.ActiveCfg = Debug|Any CPU
		{B66515BD-BD05-45EB-A4D9-A30E8F86EF39}.Debug|Any CPU.Build.0 = Debug|Any CPU
		{B66515BD-BD05-45EB-A4D9-A30E8F86EF39}.Release|Any CPU.ActiveCfg = Release|Any CPU
		{B66515BD-BD05-45EB-A4D9-A30E8F86EF39}.Release|Any CPU.Build.0 = Release|Any CPU
		{003B4F60-4686-4290-9003-F0941157DCB4}.Debug|Any CPU.ActiveCfg = Debug|Any CPU
		{003B4F60-4686-4290-9003-F0941157DCB4}.Debug|Any CPU.Build.0 = Debug|Any CPU
		{003B4F60-4686-4290-9003-F0941157DCB4}.Release|Any CPU.ActiveCfg = Release|Any CPU
		{003B4F60-4686-4290-9003-F0941157DCB4}.Release|Any CPU.Build.0 = Release|Any CPU
		{5DD663D0-6AA2-43E1-916D-56D64131CDA6}.Debug|Any CPU.ActiveCfg = Debug|Any CPU
		{5DD663D0-6AA2-43E1-916D-56D64131CDA6}.Debug|Any CPU.Build.0 = Debug|Any CPU
		{5DD663D0-6AA2-43E1-916D-56D64131CDA6}.Release|Any CPU.ActiveCfg = Release|Any CPU
		{5DD663D0-6AA2-43E1-916D-56D64131CDA6}.Release|Any CPU.Build.0 = Release|Any CPU
		{367F4FD0-1D6D-4C8F-A490-657B9E508A3E}.Debug|Any CPU.ActiveCfg = Debug|Any CPU
		{367F4FD0-1D6D-4C8F-A490-657B9E508A3E}.Debug|Any CPU.Build.0 = Debug|Any CPU
		{367F4FD0-1D6D-4C8F-A490-657B9E508A3E}.Release|Any CPU.ActiveCfg = Release|Any CPU
		{367F4FD0-1D6D-4C8F-A490-657B9E508A3E}.Release|Any CPU.Build.0 = Release|Any CPU
		{D5B193D6-13B4-4A68-9BFC-222906E6C673}.Debug|Any CPU.ActiveCfg = Debug|Any CPU
		{D5B193D6-13B4-4A68-9BFC-222906E6C673}.Debug|Any CPU.Build.0 = Debug|Any CPU
		{D5B193D6-13B4-4A68-9BFC-222906E6C673}.Release|Any CPU.ActiveCfg = Release|Any CPU
		{D5B193D6-13B4-4A68-9BFC-222906E6C673}.Release|Any CPU.Build.0 = Release|Any CPU
		{AC04372D-C2EA-4212-8141-0DE18B9DA4C9}.Debug|Any CPU.ActiveCfg = Debug|Any CPU
		{AC04372D-C2EA-4212-8141-0DE18B9DA4C9}.Debug|Any CPU.Build.0 = Debug|Any CPU
		{AC04372D-C2EA-4212-8141-0DE18B9DA4C9}.Release|Any CPU.ActiveCfg = Release|Any CPU
		{AC04372D-C2EA-4212-8141-0DE18B9DA4C9}.Release|Any CPU.Build.0 = Release|Any CPU
		{802CB6BA-9C7E-47D6-AB27-014EC2D88B6A}.Debug|Any CPU.ActiveCfg = Debug|Any CPU
		{802CB6BA-9C7E-47D6-AB27-014EC2D88B6A}.Debug|Any CPU.Build.0 = Debug|Any CPU
		{802CB6BA-9C7E-47D6-AB27-014EC2D88B6A}.Release|Any CPU.ActiveCfg = Release|Any CPU
		{802CB6BA-9C7E-47D6-AB27-014EC2D88B6A}.Release|Any CPU.Build.0 = Release|Any CPU
		{7C0242A9-A198-4CFB-BC02-B0EC343AB55E}.Debug|Any CPU.ActiveCfg = Debug|Any CPU
		{7C0242A9-A198-4CFB-BC02-B0EC343AB55E}.Debug|Any CPU.Build.0 = Debug|Any CPU
		{7C0242A9-A198-4CFB-BC02-B0EC343AB55E}.Release|Any CPU.ActiveCfg = Release|Any CPU
		{7C0242A9-A198-4CFB-BC02-B0EC343AB55E}.Release|Any CPU.Build.0 = Release|Any CPU
		{E5BD170E-B0E0-44F6-A339-04509EB1B0B3}.Debug|Any CPU.ActiveCfg = Debug|Any CPU
		{E5BD170E-B0E0-44F6-A339-04509EB1B0B3}.Debug|Any CPU.Build.0 = Debug|Any CPU
		{E5BD170E-B0E0-44F6-A339-04509EB1B0B3}.Release|Any CPU.ActiveCfg = Release|Any CPU
		{E5BD170E-B0E0-44F6-A339-04509EB1B0B3}.Release|Any CPU.Build.0 = Release|Any CPU
		{A743A141-34AB-46C2-9AAF-B72EA221F973}.Debug|Any CPU.ActiveCfg = Debug|Any CPU
		{A743A141-34AB-46C2-9AAF-B72EA221F973}.Debug|Any CPU.Build.0 = Debug|Any CPU
		{A743A141-34AB-46C2-9AAF-B72EA221F973}.Release|Any CPU.ActiveCfg = Release|Any CPU
		{A743A141-34AB-46C2-9AAF-B72EA221F973}.Release|Any CPU.Build.0 = Release|Any CPU
		{02613776-B19E-4513-914F-988329C9ECD0}.Debug|Any CPU.ActiveCfg = Debug|Any CPU
		{02613776-B19E-4513-914F-988329C9ECD0}.Debug|Any CPU.Build.0 = Debug|Any CPU
		{02613776-B19E-4513-914F-988329C9ECD0}.Release|Any CPU.ActiveCfg = Release|Any CPU
		{02613776-B19E-4513-914F-988329C9ECD0}.Release|Any CPU.Build.0 = Release|Any CPU
		{D90A6CDD-211D-4F0D-B093-2147A91E13C4}.Debug|Any CPU.ActiveCfg = Debug|Any CPU
		{D90A6CDD-211D-4F0D-B093-2147A91E13C4}.Debug|Any CPU.Build.0 = Debug|Any CPU
		{D90A6CDD-211D-4F0D-B093-2147A91E13C4}.Release|Any CPU.ActiveCfg = Release|Any CPU
		{D90A6CDD-211D-4F0D-B093-2147A91E13C4}.Release|Any CPU.Build.0 = Release|Any CPU
		{419CB2D8-2559-429E-B1FC-FFC46ED0E836}.Debug|Any CPU.ActiveCfg = Debug|Any CPU
		{419CB2D8-2559-429E-B1FC-FFC46ED0E836}.Debug|Any CPU.Build.0 = Debug|Any CPU
		{419CB2D8-2559-429E-B1FC-FFC46ED0E836}.Release|Any CPU.ActiveCfg = Release|Any CPU
		{419CB2D8-2559-429E-B1FC-FFC46ED0E836}.Release|Any CPU.Build.0 = Release|Any CPU
		{52AE6E3A-F9BB-44C1-B161-1E7EDE0EC439}.Debug|Any CPU.ActiveCfg = Debug|Any CPU
		{52AE6E3A-F9BB-44C1-B161-1E7EDE0EC439}.Debug|Any CPU.Build.0 = Debug|Any CPU
		{52AE6E3A-F9BB-44C1-B161-1E7EDE0EC439}.Release|Any CPU.ActiveCfg = Release|Any CPU
		{52AE6E3A-F9BB-44C1-B161-1E7EDE0EC439}.Release|Any CPU.Build.0 = Release|Any CPU
	EndGlobalSection
EndGlobal
