
Microsoft Visual Studio Solution File, Format Version 12.00
Project("{2150E333-8FDC-42A3-9474-1A3956D46DE8}") = "Lesson_1", "Lesson_1", "{1E932234-8F5D-416F-911E-C9BE1EF42AC8}"
EndProject
Project("{FAE04EC0-301F-11D3-BF4B-00C04F79EFBC}") = "Git", "Lesson_1\Git\Git.csproj", "{5C299D9D-BD4F-43EC-A2B4-661FA5257F6D}"
EndProject
Project("{2150E333-8FDC-42A3-9474-1A3956D46DE8}") = "Lesson_2", "Lesson_2", "{3F6EAE9C-C9C4-46C4-894E-D7A797AC0036}"
EndProject
Project("{FAE04EC0-301F-11D3-BF4B-00C04F79EFBC}") = "StringsAndChars", "Lesson_2\StringsAndChars\StringsAndChars.csproj", "{DDDABDDF-6D42-46C2-86FF-69EADA62A4D3}"
EndProject
Project("{FAE04EC0-301F-11D3-BF4B-00C04F79EFBC}") = "Numeric", "Lesson_2\Numeric\Numeric.csproj", "{B66515BD-BD05-45EB-A4D9-A30E8F86EF39}"
EndProject
Project("{FAE04EC0-301F-11D3-BF4B-00C04F79EFBC}") = "FloatAndDouble", "Lesson_2\FloatAndDouble\FloatAndDouble.csproj", "{003B4F60-4686-4290-9003-F0941157DCB4}"
EndProject
Project("{FAE04EC0-301F-11D3-BF4B-00C04F79EFBC}") = "Boolean", "Lesson_2\Boolean\Boolean.csproj", "{5DD663D0-6AA2-43E1-916D-56D64131CDA6}"
EndProject
Project("{FAE04EC0-301F-11D3-BF4B-00C04F79EFBC}") = "DateTime", "Lesson_2\DateTime\DateTime.csproj", "{367F4FD0-1D6D-4C8F-A490-657B9E508A3E}"
EndProject
Project("{FAE04EC0-301F-11D3-BF4B-00C04F79EFBC}") = "CastingAndParsing", "Lesson_2\CastingAndParsing\CastingAndParsing.csproj", "{D5B193D6-13B4-4A68-9BFC-222906E6C673}"
EndProject
Project("{2150E333-8FDC-42A3-9474-1A3956D46DE8}") = "Lesson_3", "Lesson_3", "{EDD10389-AE02-405F-B3C0-BCBABA502CE2}"
EndProject
Project("{FAE04EC0-301F-11D3-BF4B-00C04F79EFBC}") = "ControlFlow", "Lesson_3\ControlFlow\ControlFlow.csproj", "{AC04372D-C2EA-4212-8141-0DE18B9DA4C9}"
EndProject
Project("{FAE04EC0-301F-11D3-BF4B-00C04F79EFBC}") = "Collections", "Lesson_3\Collections\Collections.csproj", "{802CB6BA-9C7E-47D6-AB27-014EC2D88B6A}"
EndProject
Project("{FAE04EC0-301F-11D3-BF4B-00C04F79EFBC}") = "Loops", "Lesson_3\Loops\Loops.csproj", "{7C0242A9-A198-4CFB-BC02-B0EC343AB55E}"
EndProject
Project("{2150E333-8FDC-42A3-9474-1A3956D46DE8}") = "Lesson_4", "Lesson_4", "{B30597AE-A455-49EA-8A2B-0B539204E0A1}"
EndProject
Project("{FAE04EC0-301F-11D3-BF4B-00C04F79EFBC}") = "Methods", "Lesson_4\Methods\Methods.csproj", "{E5BD170E-B0E0-44F6-A339-04509EB1B0B3}"
EndProject
Project("{FAE04EC0-301F-11D3-BF4B-00C04F79EFBC}") = "OopIntro", "Lesson_4\OopIntro\OopIntro.csproj", "{A743A141-34AB-46C2-9AAF-B72EA221F973}"
EndProject
Project("{FAE04EC0-301F-11D3-BF4B-00C04F79EFBC}") = "DebuggingAndExceptions", "Lesson_4\DebuggingAndExceptions\DebuggingAndExceptions.csproj", "{02613776-B19E-4513-914F-988329C9ECD0}"
EndProject
Project("{2150E333-8FDC-42A3-9474-1A3956D46DE8}") = "Lesson_7", "Lesson_7", "{E0AADD19-1D05-4146-B900-E9C8C9D6A261}"
EndProject
Project("{FAE04EC0-301F-11D3-BF4B-00C04F79EFBC}") = "ObjectsAndOOP", "Lesson_7\ObjectsAndOOP\ObjectsAndOOP.csproj", "{D90A6CDD-211D-4F0D-B093-2147A91E13C4}"
EndProject
Project("{2150E333-8FDC-42A3-9474-1A3956D46DE8}") = "Lesson_8", "Lesson_8", "{1D3EAA0A-6FE3-44A5-B2C0-F4084BEB1412}"
EndProject
Project("{FAE04EC0-301F-11D3-BF4B-00C04F79EFBC}") = "LINQ", "Lesson_8\LINQ\LINQ.csproj", "{419CB2D8-2559-429E-B1FC-FFC46ED0E836}"
EndProject
Project("{FAE04EC0-301F-11D3-BF4B-00C04F79EFBC}") = "DefaultCodeStyle", "Lesson_8\DefaultCodeStyle\DefaultCodeStyle.csproj", "{52AE6E3A-F9BB-44C1-B161-1E7EDE0EC439}"
EndProject
Project("{2150E333-8FDC-42A3-9474-1A3956D46DE8}") = "Lesson_9", "Lesson_9", "{A672A5E5-F39E-440C-8B73-C5FA62A6287F}"
EndProject
Project("{FAE04EC0-301F-11D3-BF4B-00C04F79EFBC}") = "BackEndApp", "Lesson_9\BackEndApp\BackEndApp.csproj", "{82C111DA-F3DF-47A2-AABD-A41661D16A46}"
EndProject
Project("{FAE04EC0-301F-11D3-BF4B-00C04F79EFBC}") = "ClientServerArcitecture", "Lesson_9\ClientServerArcitecture\ClientServerArcitecture.csproj", "{AF11E7DD-73AB-4053-8ABD-DE35C1ED3A81}"
EndProject
Project("{2150E333-8FDC-42A3-9474-1A3956D46DE8}") = "Lesson_10", "Lesson_10", "{4E4E0CE9-E3BB-4D7E-9CFC-7181884C1F67}"
EndProject
Project("{FAE04EC0-301F-11D3-BF4B-00C04F79EFBC}") = "DelegateExample", "Lesson_10\DelegateExample\DelegateExample.csproj", "{8B8172C2-B7D1-4646-8CBA-474E60871D25}"
EndProject
Project("{FAE04EC0-301F-11D3-BF4B-00C04F79EFBC}") = "TaskExample", "Lesson_10\TaskExample\TaskExample.csproj", "{E4936E57-3A37-42A4-BD6D-C62E41CAC21E}"
EndProject
Project("{2150E333-8FDC-42A3-9474-1A3956D46DE8}") = "Lesson_11", "Lesson_11", "{0CF24DC4-6B4C-4195-BA01-AF7776B80643}"
EndProject
Project("{FAE04EC0-301F-11D3-BF4B-00C04F79EFBC}") = "HttpRequestExample", "Lesson_11\HttpRequestExample\HttpRequestExample.csproj", "{B4CD9B36-81DA-4616-A7DD-925CDF76D8EE}"
EndProject
Project("{FAE04EC0-301F-11D3-BF4B-00C04F79EFBC}") = "NUnitTestProjectExample", "Lesson_11\NUnitTestProjectExample\NUnitTestProjectExample.csproj", "{A4A31225-F4E5-4E7E-9172-395DD73485DB}"
EndProject
Project("{2150E333-8FDC-42A3-9474-1A3956D46DE8}") = "Lesson_14", "Lesson_14", "{0785E547-15FB-4E51-BB62-2A771D6303A8}"
EndProject
Project("{2150E333-8FDC-42A3-9474-1A3956D46DE8}") = "src", "src", "{A601CDD6-EA78-486A-B91C-7ABE469FBC12}"
EndProject
Project("{2150E333-8FDC-42A3-9474-1A3956D46DE8}") = "tests", "tests", "{E17EBDA3-738C-4F59-8D45-0A3AB2F4101A}"
EndProject
Project("{FAE04EC0-301F-11D3-BF4B-00C04F79EFBC}") = "LibraryV3", "Lesson_14\src\LibraryV3\LibraryV3.csproj", "{32E5EEC8-DFDF-4A43-8964-6481FD995CE2}"
EndProject
Project("{2150E333-8FDC-42A3-9474-1A3956D46DE8}") = "examples", "examples", "{4F009E71-23D3-4196-B879-CD426E852B59}"
EndProject
Project("{FAE04EC0-301F-11D3-BF4B-00C04F79EFBC}") = "NUnit.Tests.Example", "Lesson_14\examples\NUnit.Tests.Example\NUnit.Tests.Example.csproj", "{7DB64529-5532-4A22-ABB9-C4AA9FABE842}"
EndProject
Project("{FAE04EC0-301F-11D3-BF4B-00C04F79EFBC}") = "xUnit.Tests.Example", "Lesson_14\examples\xUnit.Tests.Example\xUnit.Tests.Example.csproj", "{1BBEE4B5-D995-4470-A64F-668F86E3164A}"
EndProject
Project("{FAE04EC0-301F-11D3-BF4B-00C04F79EFBC}") = "LibraryV3.xUnit.Tests.Api", "Lesson_14\tests\LibraryV3.xUnit.Tests.Api\LibraryV3.xUnit.Tests.Api.csproj", "{DDEB2C90-A19D-45E0-8728-FB12F624440A}"
EndProject
Project("{2150E333-8FDC-42A3-9474-1A3956D46DE8}") = "Lesson_15", "Lesson_15", "{8161E6B7-887E-4A4D-8E74-EDEDC37271E6}"
EndProject
Project("{2150E333-8FDC-42A3-9474-1A3956D46DE8}") = "src", "src", "{BE2059AD-2906-4120-8720-574ACAE135F6}"
EndProject
Project("{2150E333-8FDC-42A3-9474-1A3956D46DE8}") = "tests", "tests", "{67CB00D9-6ADC-423D-94E5-F111847FA17F}"
EndProject
Project("{FAE04EC0-301F-11D3-BF4B-00C04F79EFBC}") = "LibraryV4", "Lesson_15\src\LibraryV4\LibraryV4.csproj", "{B72301A6-B898-42B9-BE06-FB3AB242910C}"
EndProject
Project("{FAE04EC0-301F-11D3-BF4B-00C04F79EFBC}") = "LibraryV4.NUnit.Tests.Api", "Lesson_15\tests\LibraryV4.NUnit.Tests.Api\LibraryV4.NUnit.Tests.Api.csproj", "{36436F4F-164A-4090-8E65-F358280F587F}"
EndProject
Project("{2150E333-8FDC-42A3-9474-1A3956D46DE8}") = "Lesson_16", "Lesson_16", "{C43BCE01-746B-4025-A14B-386D57710BF3}"
EndProject
Project("{2150E333-8FDC-42A3-9474-1A3956D46DE8}") = "tests", "tests", "{B8D72EB3-B69B-4455-B54B-EB5E23A3873F}"
EndProject
Project("{FAE04EC0-301F-11D3-BF4B-00C04F79EFBC}") = "LibraryV4.Tests.Utils", "Lesson_16\tests\LibraryV4.Tests.Utils\LibraryV4.Tests.Utils.csproj", "{7AC49F8D-86E8-4EC0-AA1B-00528A1A721D}"
EndProject
Project("{FAE04EC0-301F-11D3-BF4B-00C04F79EFBC}") = "LibraryV4.xUnit.Tests.Api", "Lesson_16\tests\LibraryV4.xUnit.Tests.Api\LibraryV4.xUnit.Tests.Api.csproj", "{47801FE7-B707-4DE1-A6E2-056AE706549D}"
EndProject
Project("{FAE04EC0-301F-11D3-BF4B-00C04F79EFBC}") = "LibraryV4.NUnit.Tests.Api", "Lesson_16\tests\LibraryV4.NUnit.Tests.Api\LibraryV4.NUnit.Tests.Api.csproj", "{593029DA-441B-4771-BD09-5AE73AAEE533}"
EndProject
Project("{2150E333-8FDC-42A3-9474-1A3956D46DE8}") = "Lesson_18", "Lesson_18", "{503666EE-AEBB-45BC-952B-1B84DD080758}"
EndProject
Project("{FAE04EC0-301F-11D3-BF4B-00C04F79EFBC}") = "NUnit.Tests.UI", "Lesson_18\NUnit.Tests.UI\NUnit.Tests.UI.csproj", "{B13DC104-DBC7-4349-BB31-9AFFD095884C}"
EndProject
Project("{2150E333-8FDC-42A3-9474-1A3956D46DE8}") = "Lesson_19", "Lesson_19", "{D9C3B103-FCF1-41F8-9E21-10A90693E5B1}"
EndProject
Project("{FAE04EC0-301F-11D3-BF4B-00C04F79EFBC}") = "Tests.Utils.Swd", "Lesson_19\Tests.Utils.Swd\Tests.Utils.Swd.csproj", "{173DE20B-D5CE-40E2-BA50-F5CBB5A70D1D}"
EndProject
Project("{FAE04EC0-301F-11D3-BF4B-00C04F79EFBC}") = "NUnit.Tests.UI", "Lesson_19\NUnit.Tests.UI\NUnit.Tests.UI.csproj", "{48E7E73A-0817-426A-B915-8A9A3CBB66DB}"
EndProject
Project("{2150E333-8FDC-42A3-9474-1A3956D46DE8}") = "Lesson_21", "Lesson_21", "{DADDCC42-C644-4206-9095-2E80C7768F4B}"
EndProject
Project("{FAE04EC0-301F-11D3-BF4B-00C04F79EFBC}") = "Test.Utils.Swd", "Lesson_21\Test.Utils.Swd\Test.Utils.Swd.csproj", "{F3BD71AF-EA91-44B5-AAE4-4C626E8BDF36}"
EndProject
Project("{FAE04EC0-301F-11D3-BF4B-00C04F79EFBC}") = "Tests.NUnit.Ui", "Lesson_21\Tests.NUnit.Ui\Tests.NUnit.Ui.csproj", "{42045FD6-398E-450F-869D-19D968F54481}"
EndProject
Project("{2150E333-8FDC-42A3-9474-1A3956D46DE8}") = "Lesson_22", "Lesson_22", "{1B956F8A-7373-4358-A15B-30E87975487C}"
EndProject
Project("{FAE04EC0-301F-11D3-BF4B-00C04F79EFBC}") = "Tests.Utils.Swd", "Lesson_22\Tests.Utils.Swd\Tests.Utils.Swd.csproj", "{34E392F7-291E-45F2-B07C-E05AE1A62B87}"
EndProject
Project("{FAE04EC0-301F-11D3-BF4B-00C04F79EFBC}") = "Tests.NUnit.Ui", "Lesson_22\Tests.NUnit.Ui\Tests.NUnit.Ui.csproj", "{E859DDA9-C46F-46CC-A510-3CCD62865953}"
EndProject
Project("{2150E333-8FDC-42A3-9474-1A3956D46DE8}") = "Lesson_23", "Lesson_23", "{E040330B-9FB9-4879-AC14-BE11261DAEE2}"
EndProject
Project("{FAE04EC0-301F-11D3-BF4B-00C04F79EFBC}") = "Tests.Utils.Swd", "Lesson_23\Tests.Utils.Swd\Tests.Utils.Swd.csproj", "{0D1EBEF1-2614-41CE-8E90-8D10F743A478}"
EndProject
Project("{FAE04EC0-301F-11D3-BF4B-00C04F79EFBC}") = "Tests.NUnit.Ui", "Lesson_23\Tests.NUnit.Ui\Tests.NUnit.Ui.csproj", "{6258AEF2-98C0-48F0-BFE4-F21821D88FCA}"
EndProject
Project("{2150E333-8FDC-42A3-9474-1A3956D46DE8}") = "Lesson_24", "Lesson_24", "{A116A684-B26C-46E2-91D2-D68E42389563}"
EndProject
Project("{FAE04EC0-301F-11D3-BF4B-00C04F79EFBC}") = "Tests.Utils.Swd", "Lesson_24\Tests.Utils.Swd\Tests.Utils.Swd.csproj", "{6ADB69D2-5597-4CC6-BCF3-A962345F11E9}"
EndProject
Project("{FAE04EC0-301F-11D3-BF4B-00C04F79EFBC}") = "Tests.NUnit.Ui", "Lesson_24\Tests.NUnit.Ui\Tests.NUnit.Ui.csproj", "{C09D43C3-FCD5-4808-965E-EF861A7344C5}"
EndProject
Project("{2150E333-8FDC-42A3-9474-1A3956D46DE8}") = "Lesson_25", "Lesson_25", "{0D1B2491-D5D4-4EB0-A7F1-1D7140527567}"
EndProject
Project("{FAE04EC0-301F-11D3-BF4B-00C04F79EFBC}") = "Tests.Utils.Swd", "Lesson_25\Tests.Utils.Swd\Tests.Utils.Swd.csproj", "{82B0B379-78A0-49AD-8713-83829FD1D3C9}"
EndProject
Project("{FAE04EC0-301F-11D3-BF4B-00C04F79EFBC}") = "Tests.NUnit.Ui", "Lesson_25\Tests.NUnit.Ui\Tests.NUnit.Ui.csproj", "{0973A78E-3711-4CDC-81CA-673E16BB3274}"
EndProject
Global
	GlobalSection(SolutionConfigurationPlatforms) = preSolution
		Debug|Any CPU = Debug|Any CPU
		Release|Any CPU = Release|Any CPU
	EndGlobalSection
	GlobalSection(NestedProjects) = preSolution
		{5C299D9D-BD4F-43EC-A2B4-661FA5257F6D} = {1E932234-8F5D-416F-911E-C9BE1EF42AC8}
		{DDDABDDF-6D42-46C2-86FF-69EADA62A4D3} = {3F6EAE9C-C9C4-46C4-894E-D7A797AC0036}
		{B66515BD-BD05-45EB-A4D9-A30E8F86EF39} = {3F6EAE9C-C9C4-46C4-894E-D7A797AC0036}
		{003B4F60-4686-4290-9003-F0941157DCB4} = {3F6EAE9C-C9C4-46C4-894E-D7A797AC0036}
		{5DD663D0-6AA2-43E1-916D-56D64131CDA6} = {3F6EAE9C-C9C4-46C4-894E-D7A797AC0036}
		{367F4FD0-1D6D-4C8F-A490-657B9E508A3E} = {3F6EAE9C-C9C4-46C4-894E-D7A797AC0036}
		{D5B193D6-13B4-4A68-9BFC-222906E6C673} = {3F6EAE9C-C9C4-46C4-894E-D7A797AC0036}
		{AC04372D-C2EA-4212-8141-0DE18B9DA4C9} = {EDD10389-AE02-405F-B3C0-BCBABA502CE2}
		{802CB6BA-9C7E-47D6-AB27-014EC2D88B6A} = {EDD10389-AE02-405F-B3C0-BCBABA502CE2}
		{7C0242A9-A198-4CFB-BC02-B0EC343AB55E} = {EDD10389-AE02-405F-B3C0-BCBABA502CE2}
		{E5BD170E-B0E0-44F6-A339-04509EB1B0B3} = {B30597AE-A455-49EA-8A2B-0B539204E0A1}
		{A743A141-34AB-46C2-9AAF-B72EA221F973} = {B30597AE-A455-49EA-8A2B-0B539204E0A1}
		{02613776-B19E-4513-914F-988329C9ECD0} = {B30597AE-A455-49EA-8A2B-0B539204E0A1}
		{D90A6CDD-211D-4F0D-B093-2147A91E13C4} = {E0AADD19-1D05-4146-B900-E9C8C9D6A261}
		{419CB2D8-2559-429E-B1FC-FFC46ED0E836} = {1D3EAA0A-6FE3-44A5-B2C0-F4084BEB1412}
		{52AE6E3A-F9BB-44C1-B161-1E7EDE0EC439} = {1D3EAA0A-6FE3-44A5-B2C0-F4084BEB1412}
		{82C111DA-F3DF-47A2-AABD-A41661D16A46} = {A672A5E5-F39E-440C-8B73-C5FA62A6287F}
		{AF11E7DD-73AB-4053-8ABD-DE35C1ED3A81} = {A672A5E5-F39E-440C-8B73-C5FA62A6287F}
		{8B8172C2-B7D1-4646-8CBA-474E60871D25} = {4E4E0CE9-E3BB-4D7E-9CFC-7181884C1F67}
		{E4936E57-3A37-42A4-BD6D-C62E41CAC21E} = {4E4E0CE9-E3BB-4D7E-9CFC-7181884C1F67}
		{B4CD9B36-81DA-4616-A7DD-925CDF76D8EE} = {0CF24DC4-6B4C-4195-BA01-AF7776B80643}
		{A4A31225-F4E5-4E7E-9172-395DD73485DB} = {0CF24DC4-6B4C-4195-BA01-AF7776B80643}
		{A601CDD6-EA78-486A-B91C-7ABE469FBC12} = {0785E547-15FB-4E51-BB62-2A771D6303A8}
		{E17EBDA3-738C-4F59-8D45-0A3AB2F4101A} = {0785E547-15FB-4E51-BB62-2A771D6303A8}
		{32E5EEC8-DFDF-4A43-8964-6481FD995CE2} = {A601CDD6-EA78-486A-B91C-7ABE469FBC12}
		{4F009E71-23D3-4196-B879-CD426E852B59} = {0785E547-15FB-4E51-BB62-2A771D6303A8}
		{7DB64529-5532-4A22-ABB9-C4AA9FABE842} = {4F009E71-23D3-4196-B879-CD426E852B59}
		{1BBEE4B5-D995-4470-A64F-668F86E3164A} = {4F009E71-23D3-4196-B879-CD426E852B59}
		{DDEB2C90-A19D-45E0-8728-FB12F624440A} = {E17EBDA3-738C-4F59-8D45-0A3AB2F4101A}
		{BE2059AD-2906-4120-8720-574ACAE135F6} = {8161E6B7-887E-4A4D-8E74-EDEDC37271E6}
		{67CB00D9-6ADC-423D-94E5-F111847FA17F} = {8161E6B7-887E-4A4D-8E74-EDEDC37271E6}
		{B72301A6-B898-42B9-BE06-FB3AB242910C} = {BE2059AD-2906-4120-8720-574ACAE135F6}
		{36436F4F-164A-4090-8E65-F358280F587F} = {67CB00D9-6ADC-423D-94E5-F111847FA17F}
		{B8D72EB3-B69B-4455-B54B-EB5E23A3873F} = {C43BCE01-746B-4025-A14B-386D57710BF3}
		{7AC49F8D-86E8-4EC0-AA1B-00528A1A721D} = {B8D72EB3-B69B-4455-B54B-EB5E23A3873F}
		{47801FE7-B707-4DE1-A6E2-056AE706549D} = {B8D72EB3-B69B-4455-B54B-EB5E23A3873F}
		{593029DA-441B-4771-BD09-5AE73AAEE533} = {B8D72EB3-B69B-4455-B54B-EB5E23A3873F}
		{B13DC104-DBC7-4349-BB31-9AFFD095884C} = {503666EE-AEBB-45BC-952B-1B84DD080758}
		{173DE20B-D5CE-40E2-BA50-F5CBB5A70D1D} = {D9C3B103-FCF1-41F8-9E21-10A90693E5B1}
		{48E7E73A-0817-426A-B915-8A9A3CBB66DB} = {D9C3B103-FCF1-41F8-9E21-10A90693E5B1}
		{F3BD71AF-EA91-44B5-AAE4-4C626E8BDF36} = {DADDCC42-C644-4206-9095-2E80C7768F4B}
		{42045FD6-398E-450F-869D-19D968F54481} = {DADDCC42-C644-4206-9095-2E80C7768F4B}
		{34E392F7-291E-45F2-B07C-E05AE1A62B87} = {1B956F8A-7373-4358-A15B-30E87975487C}
		{E859DDA9-C46F-46CC-A510-3CCD62865953} = {1B956F8A-7373-4358-A15B-30E87975487C}
		{0D1EBEF1-2614-41CE-8E90-8D10F743A478} = {E040330B-9FB9-4879-AC14-BE11261DAEE2}
		{6258AEF2-98C0-48F0-BFE4-F21821D88FCA} = {E040330B-9FB9-4879-AC14-BE11261DAEE2}
		{6ADB69D2-5597-4CC6-BCF3-A962345F11E9} = {A116A684-B26C-46E2-91D2-D68E42389563}
		{C09D43C3-FCD5-4808-965E-EF861A7344C5} = {A116A684-B26C-46E2-91D2-D68E42389563}
		{82B0B379-78A0-49AD-8713-83829FD1D3C9} = {0D1B2491-D5D4-4EB0-A7F1-1D7140527567}
		{0973A78E-3711-4CDC-81CA-673E16BB3274} = {0D1B2491-D5D4-4EB0-A7F1-1D7140527567}
	EndGlobalSection
	GlobalSection(ProjectConfigurationPlatforms) = postSolution
		{5C299D9D-BD4F-43EC-A2B4-661FA5257F6D}.Debug|Any CPU.ActiveCfg = Debug|Any CPU
		{5C299D9D-BD4F-43EC-A2B4-661FA5257F6D}.Debug|Any CPU.Build.0 = Debug|Any CPU
		{5C299D9D-BD4F-43EC-A2B4-661FA5257F6D}.Release|Any CPU.ActiveCfg = Release|Any CPU
		{5C299D9D-BD4F-43EC-A2B4-661FA5257F6D}.Release|Any CPU.Build.0 = Release|Any CPU
		{DDDABDDF-6D42-46C2-86FF-69EADA62A4D3}.Debug|Any CPU.ActiveCfg = Debug|Any CPU
		{DDDABDDF-6D42-46C2-86FF-69EADA62A4D3}.Debug|Any CPU.Build.0 = Debug|Any CPU
		{DDDABDDF-6D42-46C2-86FF-69EADA62A4D3}.Release|Any CPU.ActiveCfg = Release|Any CPU
		{DDDABDDF-6D42-46C2-86FF-69EADA62A4D3}.Release|Any CPU.Build.0 = Release|Any CPU
		{B66515BD-BD05-45EB-A4D9-A30E8F86EF39}.Debug|Any CPU.ActiveCfg = Debug|Any CPU
		{B66515BD-BD05-45EB-A4D9-A30E8F86EF39}.Debug|Any CPU.Build.0 = Debug|Any CPU
		{B66515BD-BD05-45EB-A4D9-A30E8F86EF39}.Release|Any CPU.ActiveCfg = Release|Any CPU
		{B66515BD-BD05-45EB-A4D9-A30E8F86EF39}.Release|Any CPU.Build.0 = Release|Any CPU
		{003B4F60-4686-4290-9003-F0941157DCB4}.Debug|Any CPU.ActiveCfg = Debug|Any CPU
		{003B4F60-4686-4290-9003-F0941157DCB4}.Debug|Any CPU.Build.0 = Debug|Any CPU
		{003B4F60-4686-4290-9003-F0941157DCB4}.Release|Any CPU.ActiveCfg = Release|Any CPU
		{003B4F60-4686-4290-9003-F0941157DCB4}.Release|Any CPU.Build.0 = Release|Any CPU
		{5DD663D0-6AA2-43E1-916D-56D64131CDA6}.Debug|Any CPU.ActiveCfg = Debug|Any CPU
		{5DD663D0-6AA2-43E1-916D-56D64131CDA6}.Debug|Any CPU.Build.0 = Debug|Any CPU
		{5DD663D0-6AA2-43E1-916D-56D64131CDA6}.Release|Any CPU.ActiveCfg = Release|Any CPU
		{5DD663D0-6AA2-43E1-916D-56D64131CDA6}.Release|Any CPU.Build.0 = Release|Any CPU
		{367F4FD0-1D6D-4C8F-A490-657B9E508A3E}.Debug|Any CPU.ActiveCfg = Debug|Any CPU
		{367F4FD0-1D6D-4C8F-A490-657B9E508A3E}.Debug|Any CPU.Build.0 = Debug|Any CPU
		{367F4FD0-1D6D-4C8F-A490-657B9E508A3E}.Release|Any CPU.ActiveCfg = Release|Any CPU
		{367F4FD0-1D6D-4C8F-A490-657B9E508A3E}.Release|Any CPU.Build.0 = Release|Any CPU
		{D5B193D6-13B4-4A68-9BFC-222906E6C673}.Debug|Any CPU.ActiveCfg = Debug|Any CPU
		{D5B193D6-13B4-4A68-9BFC-222906E6C673}.Debug|Any CPU.Build.0 = Debug|Any CPU
		{D5B193D6-13B4-4A68-9BFC-222906E6C673}.Release|Any CPU.ActiveCfg = Release|Any CPU
		{D5B193D6-13B4-4A68-9BFC-222906E6C673}.Release|Any CPU.Build.0 = Release|Any CPU
		{AC04372D-C2EA-4212-8141-0DE18B9DA4C9}.Debug|Any CPU.ActiveCfg = Debug|Any CPU
		{AC04372D-C2EA-4212-8141-0DE18B9DA4C9}.Debug|Any CPU.Build.0 = Debug|Any CPU
		{AC04372D-C2EA-4212-8141-0DE18B9DA4C9}.Release|Any CPU.ActiveCfg = Release|Any CPU
		{AC04372D-C2EA-4212-8141-0DE18B9DA4C9}.Release|Any CPU.Build.0 = Release|Any CPU
		{802CB6BA-9C7E-47D6-AB27-014EC2D88B6A}.Debug|Any CPU.ActiveCfg = Debug|Any CPU
		{802CB6BA-9C7E-47D6-AB27-014EC2D88B6A}.Debug|Any CPU.Build.0 = Debug|Any CPU
		{802CB6BA-9C7E-47D6-AB27-014EC2D88B6A}.Release|Any CPU.ActiveCfg = Release|Any CPU
		{802CB6BA-9C7E-47D6-AB27-014EC2D88B6A}.Release|Any CPU.Build.0 = Release|Any CPU
		{7C0242A9-A198-4CFB-BC02-B0EC343AB55E}.Debug|Any CPU.ActiveCfg = Debug|Any CPU
		{7C0242A9-A198-4CFB-BC02-B0EC343AB55E}.Debug|Any CPU.Build.0 = Debug|Any CPU
		{7C0242A9-A198-4CFB-BC02-B0EC343AB55E}.Release|Any CPU.ActiveCfg = Release|Any CPU
		{7C0242A9-A198-4CFB-BC02-B0EC343AB55E}.Release|Any CPU.Build.0 = Release|Any CPU
		{E5BD170E-B0E0-44F6-A339-04509EB1B0B3}.Debug|Any CPU.ActiveCfg = Debug|Any CPU
		{E5BD170E-B0E0-44F6-A339-04509EB1B0B3}.Debug|Any CPU.Build.0 = Debug|Any CPU
		{E5BD170E-B0E0-44F6-A339-04509EB1B0B3}.Release|Any CPU.ActiveCfg = Release|Any CPU
		{E5BD170E-B0E0-44F6-A339-04509EB1B0B3}.Release|Any CPU.Build.0 = Release|Any CPU
		{A743A141-34AB-46C2-9AAF-B72EA221F973}.Debug|Any CPU.ActiveCfg = Debug|Any CPU
		{A743A141-34AB-46C2-9AAF-B72EA221F973}.Debug|Any CPU.Build.0 = Debug|Any CPU
		{A743A141-34AB-46C2-9AAF-B72EA221F973}.Release|Any CPU.ActiveCfg = Release|Any CPU
		{A743A141-34AB-46C2-9AAF-B72EA221F973}.Release|Any CPU.Build.0 = Release|Any CPU
		{02613776-B19E-4513-914F-988329C9ECD0}.Debug|Any CPU.ActiveCfg = Debug|Any CPU
		{02613776-B19E-4513-914F-988329C9ECD0}.Debug|Any CPU.Build.0 = Debug|Any CPU
		{02613776-B19E-4513-914F-988329C9ECD0}.Release|Any CPU.ActiveCfg = Release|Any CPU
		{02613776-B19E-4513-914F-988329C9ECD0}.Release|Any CPU.Build.0 = Release|Any CPU
		{D90A6CDD-211D-4F0D-B093-2147A91E13C4}.Debug|Any CPU.ActiveCfg = Debug|Any CPU
		{D90A6CDD-211D-4F0D-B093-2147A91E13C4}.Debug|Any CPU.Build.0 = Debug|Any CPU
		{D90A6CDD-211D-4F0D-B093-2147A91E13C4}.Release|Any CPU.ActiveCfg = Release|Any CPU
		{D90A6CDD-211D-4F0D-B093-2147A91E13C4}.Release|Any CPU.Build.0 = Release|Any CPU
		{419CB2D8-2559-429E-B1FC-FFC46ED0E836}.Debug|Any CPU.ActiveCfg = Debug|Any CPU
		{419CB2D8-2559-429E-B1FC-FFC46ED0E836}.Debug|Any CPU.Build.0 = Debug|Any CPU
		{419CB2D8-2559-429E-B1FC-FFC46ED0E836}.Release|Any CPU.ActiveCfg = Release|Any CPU
		{419CB2D8-2559-429E-B1FC-FFC46ED0E836}.Release|Any CPU.Build.0 = Release|Any CPU
		{52AE6E3A-F9BB-44C1-B161-1E7EDE0EC439}.Debug|Any CPU.ActiveCfg = Debug|Any CPU
		{52AE6E3A-F9BB-44C1-B161-1E7EDE0EC439}.Debug|Any CPU.Build.0 = Debug|Any CPU
		{52AE6E3A-F9BB-44C1-B161-1E7EDE0EC439}.Release|Any CPU.ActiveCfg = Release|Any CPU
		{52AE6E3A-F9BB-44C1-B161-1E7EDE0EC439}.Release|Any CPU.Build.0 = Release|Any CPU
		{82C111DA-F3DF-47A2-AABD-A41661D16A46}.Debug|Any CPU.ActiveCfg = Debug|Any CPU
		{82C111DA-F3DF-47A2-AABD-A41661D16A46}.Debug|Any CPU.Build.0 = Debug|Any CPU
		{82C111DA-F3DF-47A2-AABD-A41661D16A46}.Release|Any CPU.ActiveCfg = Release|Any CPU
		{82C111DA-F3DF-47A2-AABD-A41661D16A46}.Release|Any CPU.Build.0 = Release|Any CPU
		{AF11E7DD-73AB-4053-8ABD-DE35C1ED3A81}.Debug|Any CPU.ActiveCfg = Debug|Any CPU
		{AF11E7DD-73AB-4053-8ABD-DE35C1ED3A81}.Debug|Any CPU.Build.0 = Debug|Any CPU
		{AF11E7DD-73AB-4053-8ABD-DE35C1ED3A81}.Release|Any CPU.ActiveCfg = Release|Any CPU
		{AF11E7DD-73AB-4053-8ABD-DE35C1ED3A81}.Release|Any CPU.Build.0 = Release|Any CPU
		{8B8172C2-B7D1-4646-8CBA-474E60871D25}.Debug|Any CPU.ActiveCfg = Debug|Any CPU
		{8B8172C2-B7D1-4646-8CBA-474E60871D25}.Debug|Any CPU.Build.0 = Debug|Any CPU
		{8B8172C2-B7D1-4646-8CBA-474E60871D25}.Release|Any CPU.ActiveCfg = Release|Any CPU
		{8B8172C2-B7D1-4646-8CBA-474E60871D25}.Release|Any CPU.Build.0 = Release|Any CPU
		{E4936E57-3A37-42A4-BD6D-C62E41CAC21E}.Debug|Any CPU.ActiveCfg = Debug|Any CPU
		{E4936E57-3A37-42A4-BD6D-C62E41CAC21E}.Debug|Any CPU.Build.0 = Debug|Any CPU
		{E4936E57-3A37-42A4-BD6D-C62E41CAC21E}.Release|Any CPU.ActiveCfg = Release|Any CPU
		{E4936E57-3A37-42A4-BD6D-C62E41CAC21E}.Release|Any CPU.Build.0 = Release|Any CPU
		{B4CD9B36-81DA-4616-A7DD-925CDF76D8EE}.Debug|Any CPU.ActiveCfg = Debug|Any CPU
		{B4CD9B36-81DA-4616-A7DD-925CDF76D8EE}.Debug|Any CPU.Build.0 = Debug|Any CPU
		{B4CD9B36-81DA-4616-A7DD-925CDF76D8EE}.Release|Any CPU.ActiveCfg = Release|Any CPU
		{B4CD9B36-81DA-4616-A7DD-925CDF76D8EE}.Release|Any CPU.Build.0 = Release|Any CPU
		{A4A31225-F4E5-4E7E-9172-395DD73485DB}.Debug|Any CPU.ActiveCfg = Debug|Any CPU
		{A4A31225-F4E5-4E7E-9172-395DD73485DB}.Debug|Any CPU.Build.0 = Debug|Any CPU
		{A4A31225-F4E5-4E7E-9172-395DD73485DB}.Release|Any CPU.ActiveCfg = Release|Any CPU
		{A4A31225-F4E5-4E7E-9172-395DD73485DB}.Release|Any CPU.Build.0 = Release|Any CPU
		{32E5EEC8-DFDF-4A43-8964-6481FD995CE2}.Debug|Any CPU.ActiveCfg = Debug|Any CPU
		{32E5EEC8-DFDF-4A43-8964-6481FD995CE2}.Debug|Any CPU.Build.0 = Debug|Any CPU
		{32E5EEC8-DFDF-4A43-8964-6481FD995CE2}.Release|Any CPU.ActiveCfg = Release|Any CPU
		{32E5EEC8-DFDF-4A43-8964-6481FD995CE2}.Release|Any CPU.Build.0 = Release|Any CPU
		{7DB64529-5532-4A22-ABB9-C4AA9FABE842}.Debug|Any CPU.ActiveCfg = Debug|Any CPU
		{7DB64529-5532-4A22-ABB9-C4AA9FABE842}.Debug|Any CPU.Build.0 = Debug|Any CPU
		{7DB64529-5532-4A22-ABB9-C4AA9FABE842}.Release|Any CPU.ActiveCfg = Release|Any CPU
		{7DB64529-5532-4A22-ABB9-C4AA9FABE842}.Release|Any CPU.Build.0 = Release|Any CPU
		{1BBEE4B5-D995-4470-A64F-668F86E3164A}.Debug|Any CPU.ActiveCfg = Debug|Any CPU
		{1BBEE4B5-D995-4470-A64F-668F86E3164A}.Debug|Any CPU.Build.0 = Debug|Any CPU
		{1BBEE4B5-D995-4470-A64F-668F86E3164A}.Release|Any CPU.ActiveCfg = Release|Any CPU
		{1BBEE4B5-D995-4470-A64F-668F86E3164A}.Release|Any CPU.Build.0 = Release|Any CPU
		{DDEB2C90-A19D-45E0-8728-FB12F624440A}.Debug|Any CPU.ActiveCfg = Debug|Any CPU
		{DDEB2C90-A19D-45E0-8728-FB12F624440A}.Debug|Any CPU.Build.0 = Debug|Any CPU
		{DDEB2C90-A19D-45E0-8728-FB12F624440A}.Release|Any CPU.ActiveCfg = Release|Any CPU
		{DDEB2C90-A19D-45E0-8728-FB12F624440A}.Release|Any CPU.Build.0 = Release|Any CPU
		{B72301A6-B898-42B9-BE06-FB3AB242910C}.Debug|Any CPU.ActiveCfg = Debug|Any CPU
		{B72301A6-B898-42B9-BE06-FB3AB242910C}.Debug|Any CPU.Build.0 = Debug|Any CPU
		{B72301A6-B898-42B9-BE06-FB3AB242910C}.Release|Any CPU.ActiveCfg = Release|Any CPU
		{B72301A6-B898-42B9-BE06-FB3AB242910C}.Release|Any CPU.Build.0 = Release|Any CPU
		{36436F4F-164A-4090-8E65-F358280F587F}.Debug|Any CPU.ActiveCfg = Debug|Any CPU
		{36436F4F-164A-4090-8E65-F358280F587F}.Debug|Any CPU.Build.0 = Debug|Any CPU
		{36436F4F-164A-4090-8E65-F358280F587F}.Release|Any CPU.ActiveCfg = Release|Any CPU
		{36436F4F-164A-4090-8E65-F358280F587F}.Release|Any CPU.Build.0 = Release|Any CPU
		{7AC49F8D-86E8-4EC0-AA1B-00528A1A721D}.Debug|Any CPU.ActiveCfg = Debug|Any CPU
		{7AC49F8D-86E8-4EC0-AA1B-00528A1A721D}.Debug|Any CPU.Build.0 = Debug|Any CPU
		{7AC49F8D-86E8-4EC0-AA1B-00528A1A721D}.Release|Any CPU.ActiveCfg = Release|Any CPU
		{7AC49F8D-86E8-4EC0-AA1B-00528A1A721D}.Release|Any CPU.Build.0 = Release|Any CPU
		{47801FE7-B707-4DE1-A6E2-056AE706549D}.Debug|Any CPU.ActiveCfg = Debug|Any CPU
		{47801FE7-B707-4DE1-A6E2-056AE706549D}.Debug|Any CPU.Build.0 = Debug|Any CPU
		{47801FE7-B707-4DE1-A6E2-056AE706549D}.Release|Any CPU.ActiveCfg = Release|Any CPU
		{47801FE7-B707-4DE1-A6E2-056AE706549D}.Release|Any CPU.Build.0 = Release|Any CPU
		{593029DA-441B-4771-BD09-5AE73AAEE533}.Debug|Any CPU.ActiveCfg = Debug|Any CPU
		{593029DA-441B-4771-BD09-5AE73AAEE533}.Debug|Any CPU.Build.0 = Debug|Any CPU
		{593029DA-441B-4771-BD09-5AE73AAEE533}.Release|Any CPU.ActiveCfg = Release|Any CPU
		{593029DA-441B-4771-BD09-5AE73AAEE533}.Release|Any CPU.Build.0 = Release|Any CPU
		{B13DC104-DBC7-4349-BB31-9AFFD095884C}.Debug|Any CPU.ActiveCfg = Debug|Any CPU
		{B13DC104-DBC7-4349-BB31-9AFFD095884C}.Debug|Any CPU.Build.0 = Debug|Any CPU
		{B13DC104-DBC7-4349-BB31-9AFFD095884C}.Release|Any CPU.ActiveCfg = Release|Any CPU
		{B13DC104-DBC7-4349-BB31-9AFFD095884C}.Release|Any CPU.Build.0 = Release|Any CPU
		{173DE20B-D5CE-40E2-BA50-F5CBB5A70D1D}.Debug|Any CPU.ActiveCfg = Debug|Any CPU
		{173DE20B-D5CE-40E2-BA50-F5CBB5A70D1D}.Debug|Any CPU.Build.0 = Debug|Any CPU
		{173DE20B-D5CE-40E2-BA50-F5CBB5A70D1D}.Release|Any CPU.ActiveCfg = Release|Any CPU
		{173DE20B-D5CE-40E2-BA50-F5CBB5A70D1D}.Release|Any CPU.Build.0 = Release|Any CPU
		{48E7E73A-0817-426A-B915-8A9A3CBB66DB}.Debug|Any CPU.ActiveCfg = Debug|Any CPU
		{48E7E73A-0817-426A-B915-8A9A3CBB66DB}.Debug|Any CPU.Build.0 = Debug|Any CPU
		{48E7E73A-0817-426A-B915-8A9A3CBB66DB}.Release|Any CPU.ActiveCfg = Release|Any CPU
		{48E7E73A-0817-426A-B915-8A9A3CBB66DB}.Release|Any CPU.Build.0 = Release|Any CPU
		{F3BD71AF-EA91-44B5-AAE4-4C626E8BDF36}.Debug|Any CPU.ActiveCfg = Debug|Any CPU
		{F3BD71AF-EA91-44B5-AAE4-4C626E8BDF36}.Debug|Any CPU.Build.0 = Debug|Any CPU
		{F3BD71AF-EA91-44B5-AAE4-4C626E8BDF36}.Release|Any CPU.ActiveCfg = Release|Any CPU
		{F3BD71AF-EA91-44B5-AAE4-4C626E8BDF36}.Release|Any CPU.Build.0 = Release|Any CPU
		{42045FD6-398E-450F-869D-19D968F54481}.Debug|Any CPU.ActiveCfg = Debug|Any CPU
		{42045FD6-398E-450F-869D-19D968F54481}.Debug|Any CPU.Build.0 = Debug|Any CPU
		{42045FD6-398E-450F-869D-19D968F54481}.Release|Any CPU.ActiveCfg = Release|Any CPU
		{42045FD6-398E-450F-869D-19D968F54481}.Release|Any CPU.Build.0 = Release|Any CPU
		{34E392F7-291E-45F2-B07C-E05AE1A62B87}.Debug|Any CPU.ActiveCfg = Debug|Any CPU
		{34E392F7-291E-45F2-B07C-E05AE1A62B87}.Debug|Any CPU.Build.0 = Debug|Any CPU
		{34E392F7-291E-45F2-B07C-E05AE1A62B87}.Release|Any CPU.ActiveCfg = Release|Any CPU
		{34E392F7-291E-45F2-B07C-E05AE1A62B87}.Release|Any CPU.Build.0 = Release|Any CPU
		{E859DDA9-C46F-46CC-A510-3CCD62865953}.Debug|Any CPU.ActiveCfg = Debug|Any CPU
		{E859DDA9-C46F-46CC-A510-3CCD62865953}.Debug|Any CPU.Build.0 = Debug|Any CPU
		{E859DDA9-C46F-46CC-A510-3CCD62865953}.Release|Any CPU.ActiveCfg = Release|Any CPU
		{E859DDA9-C46F-46CC-A510-3CCD62865953}.Release|Any CPU.Build.0 = Release|Any CPU
		{0D1EBEF1-2614-41CE-8E90-8D10F743A478}.Debug|Any CPU.ActiveCfg = Debug|Any CPU
		{0D1EBEF1-2614-41CE-8E90-8D10F743A478}.Debug|Any CPU.Build.0 = Debug|Any CPU
		{0D1EBEF1-2614-41CE-8E90-8D10F743A478}.Release|Any CPU.ActiveCfg = Release|Any CPU
		{0D1EBEF1-2614-41CE-8E90-8D10F743A478}.Release|Any CPU.Build.0 = Release|Any CPU
		{6258AEF2-98C0-48F0-BFE4-F21821D88FCA}.Debug|Any CPU.ActiveCfg = Debug|Any CPU
		{6258AEF2-98C0-48F0-BFE4-F21821D88FCA}.Debug|Any CPU.Build.0 = Debug|Any CPU
		{6258AEF2-98C0-48F0-BFE4-F21821D88FCA}.Release|Any CPU.ActiveCfg = Release|Any CPU
		{6258AEF2-98C0-48F0-BFE4-F21821D88FCA}.Release|Any CPU.Build.0 = Release|Any CPU
		{6ADB69D2-5597-4CC6-BCF3-A962345F11E9}.Debug|Any CPU.ActiveCfg = Debug|Any CPU
		{6ADB69D2-5597-4CC6-BCF3-A962345F11E9}.Debug|Any CPU.Build.0 = Debug|Any CPU
		{6ADB69D2-5597-4CC6-BCF3-A962345F11E9}.Release|Any CPU.ActiveCfg = Release|Any CPU
		{6ADB69D2-5597-4CC6-BCF3-A962345F11E9}.Release|Any CPU.Build.0 = Release|Any CPU
		{C09D43C3-FCD5-4808-965E-EF861A7344C5}.Debug|Any CPU.ActiveCfg = Debug|Any CPU
		{C09D43C3-FCD5-4808-965E-EF861A7344C5}.Debug|Any CPU.Build.0 = Debug|Any CPU
		{C09D43C3-FCD5-4808-965E-EF861A7344C5}.Release|Any CPU.ActiveCfg = Release|Any CPU
		{C09D43C3-FCD5-4808-965E-EF861A7344C5}.Release|Any CPU.Build.0 = Release|Any CPU
		{82B0B379-78A0-49AD-8713-83829FD1D3C9}.Debug|Any CPU.ActiveCfg = Debug|Any CPU
		{82B0B379-78A0-49AD-8713-83829FD1D3C9}.Debug|Any CPU.Build.0 = Debug|Any CPU
		{82B0B379-78A0-49AD-8713-83829FD1D3C9}.Release|Any CPU.ActiveCfg = Release|Any CPU
		{82B0B379-78A0-49AD-8713-83829FD1D3C9}.Release|Any CPU.Build.0 = Release|Any CPU
		{0973A78E-3711-4CDC-81CA-673E16BB3274}.Debug|Any CPU.ActiveCfg = Debug|Any CPU
		{0973A78E-3711-4CDC-81CA-673E16BB3274}.Debug|Any CPU.Build.0 = Debug|Any CPU
		{0973A78E-3711-4CDC-81CA-673E16BB3274}.Release|Any CPU.ActiveCfg = Release|Any CPU
		{0973A78E-3711-4CDC-81CA-673E16BB3274}.Release|Any CPU.Build.0 = Release|Any CPU
	EndGlobalSection
EndGlobal
